// !$*UTF8*$!
{
	archiveVersion = 1;
	classes = {
	};
	objectVersion = 46;
	objects = {

/* Begin PBXBuildFile section */
		E91390831D03D15200C8FA33 /* CocoaAsyncSocket.framework in Embed Frameworks */ = {isa = PBXBuildFile; fileRef = E91390801D03D07600C8FA33 /* CocoaAsyncSocket.framework */; settings = {ATTRIBUTES = (CodeSignOnCopy, RemoveHeadersOnCopy, ); }; };
		E950D9701D0270C5003DD7EE /* AppDelegate.swift in Sources */ = {isa = PBXBuildFile; fileRef = E950D96F1D0270C5003DD7EE /* AppDelegate.swift */; };
		E950D9751D0270C5003DD7EE /* Main.storyboard in Resources */ = {isa = PBXBuildFile; fileRef = E950D9731D0270C5003DD7EE /* Main.storyboard */; };
		E950D97A1D0270C5003DD7EE /* Assets.xcassets in Resources */ = {isa = PBXBuildFile; fileRef = E950D9791D0270C5003DD7EE /* Assets.xcassets */; };
		E950D97D1D0270C5003DD7EE /* LaunchScreen.storyboard in Resources */ = {isa = PBXBuildFile; fileRef = E950D97B1D0270C5003DD7EE /* LaunchScreen.storyboard */; };
		E950D9881D0270C5003DD7EE /* WeMoScenesTests.swift in Sources */ = {isa = PBXBuildFile; fileRef = E950D9871D0270C5003DD7EE /* WeMoScenesTests.swift */; };
		E950D9931D0270C5003DD7EE /* WeMoScenesUITests.swift in Sources */ = {isa = PBXBuildFile; fileRef = E950D9921D0270C5003DD7EE /* WeMoScenesUITests.swift */; };
		E950D9B61D030A38003DD7EE /* SceneEditorTableTableViewController.swift in Sources */ = {isa = PBXBuildFile; fileRef = E950D9B51D030A38003DD7EE /* SceneEditorTableTableViewController.swift */; };
		E95165481D1A0A8900D68504 /* SceneTableViewController.swift in Sources */ = {isa = PBXBuildFile; fileRef = E95165471D1A0A8900D68504 /* SceneTableViewController.swift */; };
		E951654A1D1A124000D68504 /* SceneTableViewCell.swift in Sources */ = {isa = PBXBuildFile; fileRef = E95165491D1A124000D68504 /* SceneTableViewCell.swift */; };
		E951654C1D1AB3A400D68504 /* Array+Find.swift in Sources */ = {isa = PBXBuildFile; fileRef = E951654B1D1AB3A400D68504 /* Array+Find.swift */; };
		E95165501D1CD87000D68504 /* SigninTableViewController.swift in Sources */ = {isa = PBXBuildFile; fileRef = E951654F1D1CD87000D68504 /* SigninTableViewController.swift */; };
		E95165521D1CDD0900D68504 /* SettingsTableViewController.swift in Sources */ = {isa = PBXBuildFile; fileRef = E95165511D1CDD0900D68504 /* SettingsTableViewController.swift */; };
		E95165541D1E065600D68504 /* CreateAccountTableViewController.swift in Sources */ = {isa = PBXBuildFile; fileRef = E95165531D1E065600D68504 /* CreateAccountTableViewController.swift */; };
		E95165561D1F726C00D68504 /* ForgotPasswordTableViewController.swift in Sources */ = {isa = PBXBuildFile; fileRef = E95165551D1F726C00D68504 /* ForgotPasswordTableViewController.swift */; };
		E95165581D229F9F00D68504 /* CreditsViewController.swift in Sources */ = {isa = PBXBuildFile; fileRef = E95165571D229F9F00D68504 /* CreditsViewController.swift */; };
		E96B4A3E1D0C2DB800F41579 /* jsonSerializer.swift in Sources */ = {isa = PBXBuildFile; fileRef = E96B4A3D1D0C2DB800F41579 /* jsonSerializer.swift */; };
		E96B4A401D0C2DD500F41579 /* DeviceModel.swift in Sources */ = {isa = PBXBuildFile; fileRef = E96B4A3F1D0C2DD500F41579 /* DeviceModel.swift */; };
		E96B4A421D0C2DE200F41579 /* ModelBase.swift in Sources */ = {isa = PBXBuildFile; fileRef = E96B4A411D0C2DE200F41579 /* ModelBase.swift */; };
		E96B4A471D0C2E4300F41579 /* DeviceInteraction.swift in Sources */ = {isa = PBXBuildFile; fileRef = E96B4A461D0C2E4300F41579 /* DeviceInteraction.swift */; };
		E96B4A491D0C2E5D00F41579 /* WemoStateResponse.swift in Sources */ = {isa = PBXBuildFile; fileRef = E96B4A481D0C2E5D00F41579 /* WemoStateResponse.swift */; };
		E96B4A521D0C2E8900F41579 /* Interaction.swift in Sources */ = {isa = PBXBuildFile; fileRef = E96B4A4F1D0C2E8900F41579 /* Interaction.swift */; };
		E96B4A531D0C2E8900F41579 /* WeMoDiscoveryDelegate.swift in Sources */ = {isa = PBXBuildFile; fileRef = E96B4A501D0C2E8900F41579 /* WeMoDiscoveryDelegate.swift */; };
		E96B4A541D0C2E8900F41579 /* InteractionDelegate.swift in Sources */ = {isa = PBXBuildFile; fileRef = E96B4A511D0C2E8900F41579 /* InteractionDelegate.swift */; };
		E96B4A571D0C2E9900F41579 /* WeMoMulticastHandler.swift in Sources */ = {isa = PBXBuildFile; fileRef = E96B4A551D0C2E9900F41579 /* WeMoMulticastHandler.swift */; };
		E96B4A591D0C32E200F41579 /* SceneModel.swift in Sources */ = {isa = PBXBuildFile; fileRef = E96B4A581D0C32E200F41579 /* SceneModel.swift */; };
		E96B4A5B1D0C60A600F41579 /* SceneDeviceModel.swift in Sources */ = {isa = PBXBuildFile; fileRef = E96B4A5A1D0C60A600F41579 /* SceneDeviceModel.swift */; };
		E96B4A5D1D0D011900F41579 /* GoogleService-Info.plist in Resources */ = {isa = PBXBuildFile; fileRef = E96B4A5C1D0D011900F41579 /* GoogleService-Info.plist */; };
		E96B4A601D0D062800F41579 /* ApiManager.swift in Sources */ = {isa = PBXBuildFile; fileRef = E96B4A5F1D0D062800F41579 /* ApiManager.swift */; };
		E96B4A621D0D075300F41579 /* ManagerDelegate.swift in Sources */ = {isa = PBXBuildFile; fileRef = E96B4A611D0D075300F41579 /* ManagerDelegate.swift */; };
		E96B4A651D0E502D00F41579 /* SwitchTableViewCell.swift in Sources */ = {isa = PBXBuildFile; fileRef = E96B4A641D0E502D00F41579 /* SwitchTableViewCell.swift */; };
		E96B4A691D0FAE3200F41579 /* SwitchTableViewCellDelegate.swift in Sources */ = {isa = PBXBuildFile; fileRef = E96B4A681D0FAE3200F41579 /* SwitchTableViewCellDelegate.swift */; };
		E98501BE1D26FDAA009DCAE7 /* iTunesArtwork@2x.png in Resources */ = {isa = PBXBuildFile; fileRef = E98501BD1D26FDAA009DCAE7 /* iTunesArtwork@2x.png */; };
		E98501C11D2C8B0C009DCAE7 /* AlertUtilities.swift in Sources */ = {isa = PBXBuildFile; fileRef = E98501C01D2C8B0C009DCAE7 /* AlertUtilities.swift */; };
		E98501C41D2DF857009DCAE7 /* Localizable.strings in Resources */ = {isa = PBXBuildFile; fileRef = E98501C31D2DF857009DCAE7 /* Localizable.strings */; };
		E98501C61D30A0A3009DCAE7 /* PrivacyPolicyViewController.swift in Sources */ = {isa = PBXBuildFile; fileRef = E98501C51D30A0A3009DCAE7 /* PrivacyPolicyViewController.swift */; };
		EE3178FA16A460F99DAFD5DD /* Pods_WeMoScenes.framework in Frameworks */ = {isa = PBXBuildFile; fileRef = B3A928C89C1EDCD07BADC66F /* Pods_WeMoScenes.framework */; };
/* End PBXBuildFile section */

/* Begin PBXContainerItemProxy section */
		E950D9841D0270C5003DD7EE /* PBXContainerItemProxy */ = {
			isa = PBXContainerItemProxy;
			containerPortal = E950D9641D0270C5003DD7EE /* Project object */;
			proxyType = 1;
			remoteGlobalIDString = E950D96B1D0270C5003DD7EE;
			remoteInfo = WeMoScenes;
		};
		E950D98F1D0270C5003DD7EE /* PBXContainerItemProxy */ = {
			isa = PBXContainerItemProxy;
			containerPortal = E950D9641D0270C5003DD7EE /* Project object */;
			proxyType = 1;
			remoteGlobalIDString = E950D96B1D0270C5003DD7EE;
			remoteInfo = WeMoScenes;
		};
/* End PBXContainerItemProxy section */

/* Begin PBXCopyFilesBuildPhase section */
		E950D9AD1D02FBC4003DD7EE /* Embed Frameworks */ = {
			isa = PBXCopyFilesBuildPhase;
			buildActionMask = 2147483647;
			dstPath = "";
			dstSubfolderSpec = 10;
			files = (
				E91390831D03D15200C8FA33 /* CocoaAsyncSocket.framework in Embed Frameworks */,
			);
			name = "Embed Frameworks";
			runOnlyForDeploymentPostprocessing = 0;
		};
/* End PBXCopyFilesBuildPhase section */

/* Begin PBXFileReference section */
		1E9DCB892CE533852D54A370 /* Pods-WeMoScenes.release.xcconfig */ = {isa = PBXFileReference; includeInIndex = 1; lastKnownFileType = text.xcconfig; name = "Pods-WeMoScenes.release.xcconfig"; path = "../Pods/Target Support Files/Pods-WeMoScenes/Pods-WeMoScenes.release.xcconfig"; sourceTree = "<group>"; };
		B3A928C89C1EDCD07BADC66F /* Pods_WeMoScenes.framework */ = {isa = PBXFileReference; explicitFileType = wrapper.framework; includeInIndex = 0; path = Pods_WeMoScenes.framework; sourceTree = BUILT_PRODUCTS_DIR; };
		CEC6A0C1C73915866BEB3185 /* Pods-WeMoScenes.debug.xcconfig */ = {isa = PBXFileReference; includeInIndex = 1; lastKnownFileType = text.xcconfig; name = "Pods-WeMoScenes.debug.xcconfig"; path = "../Pods/Target Support Files/Pods-WeMoScenes/Pods-WeMoScenes.debug.xcconfig"; sourceTree = "<group>"; };
		E91390791D03CDA600C8FA33 /* Security.framework */ = {isa = PBXFileReference; lastKnownFileType = wrapper.framework; name = Security.framework; path = System/Library/Frameworks/Security.framework; sourceTree = SDKROOT; };
		E91390801D03D07600C8FA33 /* CocoaAsyncSocket.framework */ = {isa = PBXFileReference; lastKnownFileType = wrapper.framework; name = CocoaAsyncSocket.framework; path = "../../../../../Library/Developer/Xcode/DerivedData/WeMoInteraction-hkkxiraqbcuerlffkloxdqxqttzu/Build/Products/Debug-iphonesimulator/CocoaAsyncSocket/CocoaAsyncSocket.framework"; sourceTree = "<group>"; };
		E91391981D0644F200C8FA33 /* gitignore */ = {isa = PBXFileReference; lastKnownFileType = text; name = gitignore; path = ../gitignore; sourceTree = "<group>"; };
		E950D96C1D0270C5003DD7EE /* WeMoScenes.app */ = {isa = PBXFileReference; explicitFileType = wrapper.application; includeInIndex = 0; path = WeMoScenes.app; sourceTree = BUILT_PRODUCTS_DIR; };
		E950D96F1D0270C5003DD7EE /* AppDelegate.swift */ = {isa = PBXFileReference; lastKnownFileType = sourcecode.swift; path = AppDelegate.swift; sourceTree = "<group>"; };
		E950D9741D0270C5003DD7EE /* Base */ = {isa = PBXFileReference; lastKnownFileType = file.storyboard; name = Base; path = Base.lproj/Main.storyboard; sourceTree = "<group>"; };
		E950D9791D0270C5003DD7EE /* Assets.xcassets */ = {isa = PBXFileReference; lastKnownFileType = folder.assetcatalog; path = Assets.xcassets; sourceTree = "<group>"; };
		E950D97C1D0270C5003DD7EE /* Base */ = {isa = PBXFileReference; lastKnownFileType = file.storyboard; name = Base; path = Base.lproj/LaunchScreen.storyboard; sourceTree = "<group>"; };
		E950D97E1D0270C5003DD7EE /* Info.plist */ = {isa = PBXFileReference; lastKnownFileType = text.plist.xml; path = Info.plist; sourceTree = "<group>"; };
		E950D9831D0270C5003DD7EE /* WeMoScenesTests.xctest */ = {isa = PBXFileReference; explicitFileType = wrapper.cfbundle; includeInIndex = 0; path = WeMoScenesTests.xctest; sourceTree = BUILT_PRODUCTS_DIR; };
		E950D9871D0270C5003DD7EE /* WeMoScenesTests.swift */ = {isa = PBXFileReference; lastKnownFileType = sourcecode.swift; path = WeMoScenesTests.swift; sourceTree = "<group>"; };
		E950D9891D0270C5003DD7EE /* Info.plist */ = {isa = PBXFileReference; lastKnownFileType = text.plist.xml; path = Info.plist; sourceTree = "<group>"; };
		E950D98E1D0270C5003DD7EE /* WeMoScenesUITests.xctest */ = {isa = PBXFileReference; explicitFileType = wrapper.cfbundle; includeInIndex = 0; path = WeMoScenesUITests.xctest; sourceTree = BUILT_PRODUCTS_DIR; };
		E950D9921D0270C5003DD7EE /* WeMoScenesUITests.swift */ = {isa = PBXFileReference; lastKnownFileType = sourcecode.swift; path = WeMoScenesUITests.swift; sourceTree = "<group>"; };
		E950D9941D0270C5003DD7EE /* Info.plist */ = {isa = PBXFileReference; lastKnownFileType = text.plist.xml; path = Info.plist; sourceTree = "<group>"; };
		E950D9B51D030A38003DD7EE /* SceneEditorTableTableViewController.swift */ = {isa = PBXFileReference; fileEncoding = 4; lastKnownFileType = sourcecode.swift; name = SceneEditorTableTableViewController.swift; path = "View Controllers/SceneEditorTableTableViewController.swift"; sourceTree = "<group>"; };
		E95165471D1A0A8900D68504 /* SceneTableViewController.swift */ = {isa = PBXFileReference; fileEncoding = 4; lastKnownFileType = sourcecode.swift; name = SceneTableViewController.swift; path = "View Controllers/SceneTableViewController.swift"; sourceTree = "<group>"; };
		E95165491D1A124000D68504 /* SceneTableViewCell.swift */ = {isa = PBXFileReference; fileEncoding = 4; lastKnownFileType = sourcecode.swift; name = SceneTableViewCell.swift; path = Cells/SceneTableViewCell.swift; sourceTree = "<group>"; };
		E951654B1D1AB3A400D68504 /* Array+Find.swift */ = {isa = PBXFileReference; fileEncoding = 4; lastKnownFileType = sourcecode.swift; name = "Array+Find.swift"; path = "Extensions/Array+Find.swift"; sourceTree = "<group>"; };
		E951654F1D1CD87000D68504 /* SigninTableViewController.swift */ = {isa = PBXFileReference; fileEncoding = 4; lastKnownFileType = sourcecode.swift; name = SigninTableViewController.swift; path = "View Controllers/SigninTableViewController.swift"; sourceTree = "<group>"; };
		E95165511D1CDD0900D68504 /* SettingsTableViewController.swift */ = {isa = PBXFileReference; fileEncoding = 4; lastKnownFileType = sourcecode.swift; name = SettingsTableViewController.swift; path = "View Controllers/SettingsTableViewController.swift"; sourceTree = "<group>"; };
		E95165531D1E065600D68504 /* CreateAccountTableViewController.swift */ = {isa = PBXFileReference; fileEncoding = 4; lastKnownFileType = sourcecode.swift; name = CreateAccountTableViewController.swift; path = "View Controllers/CreateAccountTableViewController.swift"; sourceTree = "<group>"; };
		E95165551D1F726C00D68504 /* ForgotPasswordTableViewController.swift */ = {isa = PBXFileReference; fileEncoding = 4; lastKnownFileType = sourcecode.swift; name = ForgotPasswordTableViewController.swift; path = "View Controllers/ForgotPasswordTableViewController.swift"; sourceTree = "<group>"; };
		E95165571D229F9F00D68504 /* CreditsViewController.swift */ = {isa = PBXFileReference; fileEncoding = 4; lastKnownFileType = sourcecode.swift; name = CreditsViewController.swift; path = "View Controllers/CreditsViewController.swift"; sourceTree = "<group>"; };
		E96B4A3D1D0C2DB800F41579 /* jsonSerializer.swift */ = {isa = PBXFileReference; fileEncoding = 4; lastKnownFileType = sourcecode.swift; name = jsonSerializer.swift; path = Serialization/jsonSerializer.swift; sourceTree = "<group>"; };
		E96B4A3F1D0C2DD500F41579 /* DeviceModel.swift */ = {isa = PBXFileReference; fileEncoding = 4; lastKnownFileType = sourcecode.swift; name = DeviceModel.swift; path = Models/DeviceModel.swift; sourceTree = "<group>"; };
		E96B4A411D0C2DE200F41579 /* ModelBase.swift */ = {isa = PBXFileReference; fileEncoding = 4; lastKnownFileType = sourcecode.swift; name = ModelBase.swift; path = Models/ModelBase.swift; sourceTree = "<group>"; };
		E96B4A461D0C2E4300F41579 /* DeviceInteraction.swift */ = {isa = PBXFileReference; fileEncoding = 4; lastKnownFileType = sourcecode.swift; path = DeviceInteraction.swift; sourceTree = "<group>"; };
		E96B4A481D0C2E5D00F41579 /* WemoStateResponse.swift */ = {isa = PBXFileReference; fileEncoding = 4; lastKnownFileType = sourcecode.swift; path = WemoStateResponse.swift; sourceTree = "<group>"; };
		E96B4A4F1D0C2E8900F41579 /* Interaction.swift */ = {isa = PBXFileReference; fileEncoding = 4; lastKnownFileType = sourcecode.swift; path = Interaction.swift; sourceTree = "<group>"; };
		E96B4A501D0C2E8900F41579 /* WeMoDiscoveryDelegate.swift */ = {isa = PBXFileReference; fileEncoding = 4; lastKnownFileType = sourcecode.swift; path = WeMoDiscoveryDelegate.swift; sourceTree = "<group>"; };
		E96B4A511D0C2E8900F41579 /* InteractionDelegate.swift */ = {isa = PBXFileReference; fileEncoding = 4; lastKnownFileType = sourcecode.swift; path = InteractionDelegate.swift; sourceTree = "<group>"; };
		E96B4A551D0C2E9900F41579 /* WeMoMulticastHandler.swift */ = {isa = PBXFileReference; fileEncoding = 4; lastKnownFileType = sourcecode.swift; path = WeMoMulticastHandler.swift; sourceTree = "<group>"; };
		E96B4A561D0C2E9900F41579 /* WeMoInteraction.h */ = {isa = PBXFileReference; fileEncoding = 4; lastKnownFileType = sourcecode.c.h; path = WeMoInteraction.h; sourceTree = "<group>"; };
		E96B4A581D0C32E200F41579 /* SceneModel.swift */ = {isa = PBXFileReference; fileEncoding = 4; lastKnownFileType = sourcecode.swift; name = SceneModel.swift; path = Models/SceneModel.swift; sourceTree = "<group>"; };
		E96B4A5A1D0C60A600F41579 /* SceneDeviceModel.swift */ = {isa = PBXFileReference; fileEncoding = 4; lastKnownFileType = sourcecode.swift; path = SceneDeviceModel.swift; sourceTree = "<group>"; };
		E96B4A5C1D0D011900F41579 /* GoogleService-Info.plist */ = {isa = PBXFileReference; fileEncoding = 4; lastKnownFileType = text.plist.xml; path = "GoogleService-Info.plist"; sourceTree = "<group>"; };
		E96B4A5F1D0D062800F41579 /* ApiManager.swift */ = {isa = PBXFileReference; fileEncoding = 4; lastKnownFileType = sourcecode.swift; name = ApiManager.swift; path = Models/Managers/ApiManager.swift; sourceTree = "<group>"; };
		E96B4A611D0D075300F41579 /* ManagerDelegate.swift */ = {isa = PBXFileReference; fileEncoding = 4; lastKnownFileType = sourcecode.swift; name = ManagerDelegate.swift; path = Models/Managers/ManagerDelegate.swift; sourceTree = "<group>"; };
		E96B4A641D0E502D00F41579 /* SwitchTableViewCell.swift */ = {isa = PBXFileReference; fileEncoding = 4; lastKnownFileType = sourcecode.swift; name = SwitchTableViewCell.swift; path = Cells/SwitchTableViewCell.swift; sourceTree = "<group>"; };
		E96B4A681D0FAE3200F41579 /* SwitchTableViewCellDelegate.swift */ = {isa = PBXFileReference; fileEncoding = 4; lastKnownFileType = sourcecode.swift; name = SwitchTableViewCellDelegate.swift; path = Protocols/SwitchTableViewCellDelegate.swift; sourceTree = "<group>"; };
		E98501BD1D26FDAA009DCAE7 /* iTunesArtwork@2x.png */ = {isa = PBXFileReference; lastKnownFileType = image.png; path = "iTunesArtwork@2x.png"; sourceTree = "<group>"; };
		E98501C01D2C8B0C009DCAE7 /* AlertUtilities.swift */ = {isa = PBXFileReference; fileEncoding = 4; lastKnownFileType = sourcecode.swift; name = AlertUtilities.swift; path = Utilities/AlertUtilities.swift; sourceTree = "<group>"; };
		E98501C31D2DF857009DCAE7 /* Localizable.strings */ = {isa = PBXFileReference; fileEncoding = 4; lastKnownFileType = text.plist.strings; name = Localizable.strings; path = Localization/Localizable.strings; sourceTree = "<group>"; };
		E98501C51D30A0A3009DCAE7 /* PrivacyPolicyViewController.swift */ = {isa = PBXFileReference; fileEncoding = 4; lastKnownFileType = sourcecode.swift; path = PrivacyPolicyViewController.swift; sourceTree = "<group>"; };
/* End PBXFileReference section */

/* Begin PBXFrameworksBuildPhase section */
		E950D9691D0270C5003DD7EE /* Frameworks */ = {
			isa = PBXFrameworksBuildPhase;
			buildActionMask = 2147483647;
			files = (
				EE3178FA16A460F99DAFD5DD /* Pods_WeMoScenes.framework in Frameworks */,
			);
			runOnlyForDeploymentPostprocessing = 0;
		};
		E950D9801D0270C5003DD7EE /* Frameworks */ = {
			isa = PBXFrameworksBuildPhase;
			buildActionMask = 2147483647;
			files = (
			);
			runOnlyForDeploymentPostprocessing = 0;
		};
		E950D98B1D0270C5003DD7EE /* Frameworks */ = {
			isa = PBXFrameworksBuildPhase;
			buildActionMask = 2147483647;
			files = (
			);
			runOnlyForDeploymentPostprocessing = 0;
		};
/* End PBXFrameworksBuildPhase section */

/* Begin PBXGroup section */
		17D1F0FACC97A7BCC6D9F90C /* Frameworks */ = {
			isa = PBXGroup;
			children = (
				E91390801D03D07600C8FA33 /* CocoaAsyncSocket.framework */,
				E91390791D03CDA600C8FA33 /* Security.framework */,
				B3A928C89C1EDCD07BADC66F /* Pods_WeMoScenes.framework */,
			);
			name = Frameworks;
			sourceTree = "<group>";
		};
		CD902B9EBEFC5AB6A3AE55F5 /* Pods */ = {
			isa = PBXGroup;
			children = (
				CEC6A0C1C73915866BEB3185 /* Pods-WeMoScenes.debug.xcconfig */,
				1E9DCB892CE533852D54A370 /* Pods-WeMoScenes.release.xcconfig */,
			);
			name = Pods;
			sourceTree = "<group>";
		};
		E91390871D049A4E00C8FA33 /* Extensions */ = {
			isa = PBXGroup;
			children = (
				E951654B1D1AB3A400D68504 /* Array+Find.swift */,
			);
			name = Extensions;
			sourceTree = "<group>";
		};
		E950D9631D0270C5003DD7EE = {
			isa = PBXGroup;
			children = (
				E91391981D0644F200C8FA33 /* gitignore */,
				E950D96E1D0270C5003DD7EE /* WeMoScenes */,
				E950D9861D0270C5003DD7EE /* WeMoScenesTests */,
				E950D9911D0270C5003DD7EE /* WeMoScenesUITests */,
				E950D96D1D0270C5003DD7EE /* Products */,
				CD902B9EBEFC5AB6A3AE55F5 /* Pods */,
				17D1F0FACC97A7BCC6D9F90C /* Frameworks */,
			);
			sourceTree = "<group>";
		};
		E950D96D1D0270C5003DD7EE /* Products */ = {
			isa = PBXGroup;
			children = (
				E950D96C1D0270C5003DD7EE /* WeMoScenes.app */,
				E950D9831D0270C5003DD7EE /* WeMoScenesTests.xctest */,
				E950D98E1D0270C5003DD7EE /* WeMoScenesUITests.xctest */,
			);
			name = Products;
			sourceTree = "<group>";
		};
		E950D96E1D0270C5003DD7EE /* WeMoScenes */ = {
			isa = PBXGroup;
			children = (
				E98501C21D2DF78C009DCAE7 /* Localization */,
				E98501BF1D2C8A43009DCAE7 /* Utilities */,
				E96B4A631D0E4FEE00F41579 /* Cells */,
				E96B4A4E1D0C2E7700F41579 /* Protocols */,
				E96B4A451D0C2E3400F41579 /* Interaction */,
				E96B4A3C1D0C2D8400F41579 /* Serialization */,
				E96B4A351D0C2D2C00F41579 /* Models */,
				E96B4A341D0C2D0B00F41579 /* Views */,
				E91390871D049A4E00C8FA33 /* Extensions */,
				E950D9AE1D02FED0003DD7EE /* Controllers */,
				E950D96F1D0270C5003DD7EE /* AppDelegate.swift */,
				E950D9791D0270C5003DD7EE /* Assets.xcassets */,
				E950D97B1D0270C5003DD7EE /* LaunchScreen.storyboard */,
				E950D97E1D0270C5003DD7EE /* Info.plist */,
				E96B4A5C1D0D011900F41579 /* GoogleService-Info.plist */,
				E98501BD1D26FDAA009DCAE7 /* iTunesArtwork@2x.png */,
			);
			path = WeMoScenes;
			sourceTree = "<group>";
		};
		E950D9861D0270C5003DD7EE /* WeMoScenesTests */ = {
			isa = PBXGroup;
			children = (
				E950D9871D0270C5003DD7EE /* WeMoScenesTests.swift */,
				E950D9891D0270C5003DD7EE /* Info.plist */,
			);
			path = WeMoScenesTests;
			sourceTree = "<group>";
		};
		E950D9911D0270C5003DD7EE /* WeMoScenesUITests */ = {
			isa = PBXGroup;
			children = (
				E950D9921D0270C5003DD7EE /* WeMoScenesUITests.swift */,
				E950D9941D0270C5003DD7EE /* Info.plist */,
			);
			path = WeMoScenesUITests;
			sourceTree = "<group>";
		};
		E950D9AE1D02FED0003DD7EE /* Controllers */ = {
			isa = PBXGroup;
			children = (
				E950D9B51D030A38003DD7EE /* SceneEditorTableTableViewController.swift */,
				E95165471D1A0A8900D68504 /* SceneTableViewController.swift */,
				E951654F1D1CD87000D68504 /* SigninTableViewController.swift */,
				E95165511D1CDD0900D68504 /* SettingsTableViewController.swift */,
				E95165531D1E065600D68504 /* CreateAccountTableViewController.swift */,
				E95165551D1F726C00D68504 /* ForgotPasswordTableViewController.swift */,
				E95165571D229F9F00D68504 /* CreditsViewController.swift */,
				E98501C51D30A0A3009DCAE7 /* PrivacyPolicyViewController.swift */,
			);
			name = Controllers;
			sourceTree = "<group>";
		};
		E96B4A341D0C2D0B00F41579 /* Views */ = {
			isa = PBXGroup;
			children = (
				E950D9731D0270C5003DD7EE /* Main.storyboard */,
			);
			name = Views;
			sourceTree = "<group>";
		};
		E96B4A351D0C2D2C00F41579 /* Models */ = {
			isa = PBXGroup;
			children = (
				E96B4A5E1D0D05EB00F41579 /* Managers */,
				E96B4A481D0C2E5D00F41579 /* WemoStateResponse.swift */,
				E96B4A411D0C2DE200F41579 /* ModelBase.swift */,
				E96B4A3F1D0C2DD500F41579 /* DeviceModel.swift */,
				E96B4A581D0C32E200F41579 /* SceneModel.swift */,
				E96B4A5A1D0C60A600F41579 /* SceneDeviceModel.swift */,
			);
			name = Models;
			sourceTree = "<group>";
		};
		E96B4A3C1D0C2D8400F41579 /* Serialization */ = {
			isa = PBXGroup;
			children = (
				E96B4A3D1D0C2DB800F41579 /* jsonSerializer.swift */,
			);
			name = Serialization;
			sourceTree = "<group>";
		};
		E96B4A451D0C2E3400F41579 /* Interaction */ = {
			isa = PBXGroup;
			children = (
				E96B4A551D0C2E9900F41579 /* WeMoMulticastHandler.swift */,
				E96B4A561D0C2E9900F41579 /* WeMoInteraction.h */,
				E96B4A461D0C2E4300F41579 /* DeviceInteraction.swift */,
			);
			name = Interaction;
			sourceTree = "<group>";
		};
		E96B4A4E1D0C2E7700F41579 /* Protocols */ = {
			isa = PBXGroup;
			children = (
				E96B4A4F1D0C2E8900F41579 /* Interaction.swift */,
				E96B4A501D0C2E8900F41579 /* WeMoDiscoveryDelegate.swift */,
				E96B4A511D0C2E8900F41579 /* InteractionDelegate.swift */,
				E96B4A681D0FAE3200F41579 /* SwitchTableViewCellDelegate.swift */,
			);
			name = Protocols;
			sourceTree = "<group>";
		};
		E96B4A5E1D0D05EB00F41579 /* Managers */ = {
			isa = PBXGroup;
			children = (
				E96B4A5F1D0D062800F41579 /* ApiManager.swift */,
				E96B4A611D0D075300F41579 /* ManagerDelegate.swift */,
			);
			name = Managers;
			sourceTree = "<group>";
		};
		E96B4A631D0E4FEE00F41579 /* Cells */ = {
			isa = PBXGroup;
			children = (
				E96B4A641D0E502D00F41579 /* SwitchTableViewCell.swift */,
				E95165491D1A124000D68504 /* SceneTableViewCell.swift */,
			);
			name = Cells;
			sourceTree = "<group>";
		};
		E98501BF1D2C8A43009DCAE7 /* Utilities */ = {
			isa = PBXGroup;
			children = (
				E98501C01D2C8B0C009DCAE7 /* AlertUtilities.swift */,
			);
			name = Utilities;
			sourceTree = "<group>";
		};
		E98501C21D2DF78C009DCAE7 /* Localization */ = {
			isa = PBXGroup;
			children = (
				E98501C31D2DF857009DCAE7 /* Localizable.strings */,
			);
			name = Localization;
			sourceTree = "<group>";
		};
/* End PBXGroup section */

/* Begin PBXNativeTarget section */
		E950D96B1D0270C5003DD7EE /* WeMoScenes */ = {
			isa = PBXNativeTarget;
			buildConfigurationList = E950D9971D0270C5003DD7EE /* Build configuration list for PBXNativeTarget "WeMoScenes" */;
			buildPhases = (
				815340C447554CDAA5DB18C5 /* 📦 Check Pods Manifest.lock */,
				E950D9681D0270C5003DD7EE /* Sources */,
				E950D9691D0270C5003DD7EE /* Frameworks */,
				E950D96A1D0270C5003DD7EE /* Resources */,
				E950D9AD1D02FBC4003DD7EE /* Embed Frameworks */,
				422A4D6471650D2042ED7C20 /* 📦 Embed Pods Frameworks */,
				9E55A8BD7A4965274D5BEA8D /* 📦 Copy Pods Resources */,
			);
			buildRules = (
			);
			dependencies = (
			);
			name = WeMoScenes;
			productName = WeMoScenes;
			productReference = E950D96C1D0270C5003DD7EE /* WeMoScenes.app */;
			productType = "com.apple.product-type.application";
		};
		E950D9821D0270C5003DD7EE /* WeMoScenesTests */ = {
			isa = PBXNativeTarget;
			buildConfigurationList = E950D99A1D0270C5003DD7EE /* Build configuration list for PBXNativeTarget "WeMoScenesTests" */;
			buildPhases = (
				E950D97F1D0270C5003DD7EE /* Sources */,
				E950D9801D0270C5003DD7EE /* Frameworks */,
				E950D9811D0270C5003DD7EE /* Resources */,
			);
			buildRules = (
			);
			dependencies = (
				E950D9851D0270C5003DD7EE /* PBXTargetDependency */,
			);
			name = WeMoScenesTests;
			productName = WeMoScenesTests;
			productReference = E950D9831D0270C5003DD7EE /* WeMoScenesTests.xctest */;
			productType = "com.apple.product-type.bundle.unit-test";
		};
		E950D98D1D0270C5003DD7EE /* WeMoScenesUITests */ = {
			isa = PBXNativeTarget;
			buildConfigurationList = E950D99D1D0270C5003DD7EE /* Build configuration list for PBXNativeTarget "WeMoScenesUITests" */;
			buildPhases = (
				E950D98A1D0270C5003DD7EE /* Sources */,
				E950D98B1D0270C5003DD7EE /* Frameworks */,
				E950D98C1D0270C5003DD7EE /* Resources */,
			);
			buildRules = (
			);
			dependencies = (
				E950D9901D0270C5003DD7EE /* PBXTargetDependency */,
			);
			name = WeMoScenesUITests;
			productName = WeMoScenesUITests;
			productReference = E950D98E1D0270C5003DD7EE /* WeMoScenesUITests.xctest */;
			productType = "com.apple.product-type.bundle.ui-testing";
		};
/* End PBXNativeTarget section */

/* Begin PBXProject section */
		E950D9641D0270C5003DD7EE /* Project object */ = {
			isa = PBXProject;
			attributes = {
				KnownAssetTags = (
					New,
				);
				LastSwiftUpdateCheck = 0730;
				LastUpgradeCheck = 0730;
				ORGANIZATIONNAME = "Kevin Voell";
				TargetAttributes = {
					E950D96B1D0270C5003DD7EE = {
						CreatedOnToolsVersion = 7.3.1;
						DevelopmentTeam = G333CAMH6R;
						SystemCapabilities = {
							com.apple.Push = {
								enabled = 1;
							};
						};
					};
					E950D9821D0270C5003DD7EE = {
						CreatedOnToolsVersion = 7.3.1;
						TestTargetID = E950D96B1D0270C5003DD7EE;
					};
					E950D98D1D0270C5003DD7EE = {
						CreatedOnToolsVersion = 7.3.1;
						TestTargetID = E950D96B1D0270C5003DD7EE;
					};
				};
			};
			buildConfigurationList = E950D9671D0270C5003DD7EE /* Build configuration list for PBXProject "WeMoScenes" */;
			compatibilityVersion = "Xcode 3.2";
			developmentRegion = English;
			hasScannedForEncodings = 0;
			knownRegions = (
				en,
				Base,
			);
			mainGroup = E950D9631D0270C5003DD7EE;
			productRefGroup = E950D96D1D0270C5003DD7EE /* Products */;
			projectDirPath = "";
			projectRoot = "";
			targets = (
				E950D96B1D0270C5003DD7EE /* WeMoScenes */,
				E950D9821D0270C5003DD7EE /* WeMoScenesTests */,
				E950D98D1D0270C5003DD7EE /* WeMoScenesUITests */,
			);
		};
/* End PBXProject section */

/* Begin PBXResourcesBuildPhase section */
		E950D96A1D0270C5003DD7EE /* Resources */ = {
			isa = PBXResourcesBuildPhase;
			buildActionMask = 2147483647;
			files = (
				E950D97D1D0270C5003DD7EE /* LaunchScreen.storyboard in Resources */,
				E98501BE1D26FDAA009DCAE7 /* iTunesArtwork@2x.png in Resources */,
				E96B4A5D1D0D011900F41579 /* GoogleService-Info.plist in Resources */,
				E950D97A1D0270C5003DD7EE /* Assets.xcassets in Resources */,
				E950D9751D0270C5003DD7EE /* Main.storyboard in Resources */,
				E98501C41D2DF857009DCAE7 /* Localizable.strings in Resources */,
			);
			runOnlyForDeploymentPostprocessing = 0;
		};
		E950D9811D0270C5003DD7EE /* Resources */ = {
			isa = PBXResourcesBuildPhase;
			buildActionMask = 2147483647;
			files = (
			);
			runOnlyForDeploymentPostprocessing = 0;
		};
		E950D98C1D0270C5003DD7EE /* Resources */ = {
			isa = PBXResourcesBuildPhase;
			buildActionMask = 2147483647;
			files = (
			);
			runOnlyForDeploymentPostprocessing = 0;
		};
/* End PBXResourcesBuildPhase section */

/* Begin PBXShellScriptBuildPhase section */
		422A4D6471650D2042ED7C20 /* 📦 Embed Pods Frameworks */ = {
			isa = PBXShellScriptBuildPhase;
			buildActionMask = 2147483647;
			files = (
			);
			inputPaths = (
			);
			name = "📦 Embed Pods Frameworks";
			outputPaths = (
			);
			runOnlyForDeploymentPostprocessing = 0;
			shellPath = /bin/sh;
			shellScript = "\"${SRCROOT}/../Pods/Target Support Files/Pods-WeMoScenes/Pods-WeMoScenes-frameworks.sh\"\n";
			showEnvVarsInLog = 0;
		};
		815340C447554CDAA5DB18C5 /* 📦 Check Pods Manifest.lock */ = {
			isa = PBXShellScriptBuildPhase;
			buildActionMask = 2147483647;
			files = (
			);
			inputPaths = (
			);
			name = "📦 Check Pods Manifest.lock";
			outputPaths = (
			);
			runOnlyForDeploymentPostprocessing = 0;
			shellPath = /bin/sh;
			shellScript = "diff \"${PODS_ROOT}/../Podfile.lock\" \"${PODS_ROOT}/Manifest.lock\" > /dev/null\nif [[ $? != 0 ]] ; then\n    cat << EOM\nerror: The sandbox is not in sync with the Podfile.lock. Run 'pod install' or update your CocoaPods installation.\nEOM\n    exit 1\nfi\n";
			showEnvVarsInLog = 0;
		};
		9E55A8BD7A4965274D5BEA8D /* 📦 Copy Pods Resources */ = {
			isa = PBXShellScriptBuildPhase;
			buildActionMask = 2147483647;
			files = (
			);
			inputPaths = (
			);
			name = "📦 Copy Pods Resources";
			outputPaths = (
			);
			runOnlyForDeploymentPostprocessing = 0;
			shellPath = /bin/sh;
			shellScript = "\"${SRCROOT}/../Pods/Target Support Files/Pods-WeMoScenes/Pods-WeMoScenes-resources.sh\"\n";
			showEnvVarsInLog = 0;
		};
/* End PBXShellScriptBuildPhase section */

/* Begin PBXSourcesBuildPhase section */
		E950D9681D0270C5003DD7EE /* Sources */ = {
			isa = PBXSourcesBuildPhase;
			buildActionMask = 2147483647;
			files = (
				E96B4A571D0C2E9900F41579 /* WeMoMulticastHandler.swift in Sources */,
				E96B4A651D0E502D00F41579 /* SwitchTableViewCell.swift in Sources */,
				E951654A1D1A124000D68504 /* SceneTableViewCell.swift in Sources */,
				E95165561D1F726C00D68504 /* ForgotPasswordTableViewController.swift in Sources */,
				E96B4A691D0FAE3200F41579 /* SwitchTableViewCellDelegate.swift in Sources */,
				E950D9B61D030A38003DD7EE /* SceneEditorTableTableViewController.swift in Sources */,
				E95165481D1A0A8900D68504 /* SceneTableViewController.swift in Sources */,
				E96B4A531D0C2E8900F41579 /* WeMoDiscoveryDelegate.swift in Sources */,
				E96B4A5B1D0C60A600F41579 /* SceneDeviceModel.swift in Sources */,
				E96B4A591D0C32E200F41579 /* SceneModel.swift in Sources */,
				E96B4A521D0C2E8900F41579 /* Interaction.swift in Sources */,
				E96B4A491D0C2E5D00F41579 /* WemoStateResponse.swift in Sources */,
				E95165581D229F9F00D68504 /* CreditsViewController.swift in Sources */,
				E95165501D1CD87000D68504 /* SigninTableViewController.swift in Sources */,
				E96B4A401D0C2DD500F41579 /* DeviceModel.swift in Sources */,
				E98501C61D30A0A3009DCAE7 /* PrivacyPolicyViewController.swift in Sources */,
				E96B4A3E1D0C2DB800F41579 /* jsonSerializer.swift in Sources */,
				E96B4A621D0D075300F41579 /* ManagerDelegate.swift in Sources */,
				E951654C1D1AB3A400D68504 /* Array+Find.swift in Sources */,
				E96B4A601D0D062800F41579 /* ApiManager.swift in Sources */,
				E98501C11D2C8B0C009DCAE7 /* AlertUtilities.swift in Sources */,
				E96B4A471D0C2E4300F41579 /* DeviceInteraction.swift in Sources */,
				E95165541D1E065600D68504 /* CreateAccountTableViewController.swift in Sources */,
				E96B4A541D0C2E8900F41579 /* InteractionDelegate.swift in Sources */,
				E96B4A421D0C2DE200F41579 /* ModelBase.swift in Sources */,
				E950D9701D0270C5003DD7EE /* AppDelegate.swift in Sources */,
				E95165521D1CDD0900D68504 /* SettingsTableViewController.swift in Sources */,
			);
			runOnlyForDeploymentPostprocessing = 0;
		};
		E950D97F1D0270C5003DD7EE /* Sources */ = {
			isa = PBXSourcesBuildPhase;
			buildActionMask = 2147483647;
			files = (
				E950D9881D0270C5003DD7EE /* WeMoScenesTests.swift in Sources */,
			);
			runOnlyForDeploymentPostprocessing = 0;
		};
		E950D98A1D0270C5003DD7EE /* Sources */ = {
			isa = PBXSourcesBuildPhase;
			buildActionMask = 2147483647;
			files = (
				E950D9931D0270C5003DD7EE /* WeMoScenesUITests.swift in Sources */,
			);
			runOnlyForDeploymentPostprocessing = 0;
		};
/* End PBXSourcesBuildPhase section */

/* Begin PBXTargetDependency section */
		E950D9851D0270C5003DD7EE /* PBXTargetDependency */ = {
			isa = PBXTargetDependency;
			target = E950D96B1D0270C5003DD7EE /* WeMoScenes */;
			targetProxy = E950D9841D0270C5003DD7EE /* PBXContainerItemProxy */;
		};
		E950D9901D0270C5003DD7EE /* PBXTargetDependency */ = {
			isa = PBXTargetDependency;
			target = E950D96B1D0270C5003DD7EE /* WeMoScenes */;
			targetProxy = E950D98F1D0270C5003DD7EE /* PBXContainerItemProxy */;
		};
/* End PBXTargetDependency section */

/* Begin PBXVariantGroup section */
		E950D9731D0270C5003DD7EE /* Main.storyboard */ = {
			isa = PBXVariantGroup;
			children = (
				E950D9741D0270C5003DD7EE /* Base */,
			);
			name = Main.storyboard;
			sourceTree = "<group>";
		};
		E950D97B1D0270C5003DD7EE /* LaunchScreen.storyboard */ = {
			isa = PBXVariantGroup;
			children = (
				E950D97C1D0270C5003DD7EE /* Base */,
			);
			name = LaunchScreen.storyboard;
			sourceTree = "<group>";
		};
/* End PBXVariantGroup section */

/* Begin XCBuildConfiguration section */
		E950D9951D0270C5003DD7EE /* Debug */ = {
			isa = XCBuildConfiguration;
			buildSettings = {
				ALWAYS_SEARCH_USER_PATHS = NO;
				CLANG_ANALYZER_NONNULL = YES;
				CLANG_CXX_LANGUAGE_STANDARD = "gnu++0x";
				CLANG_CXX_LIBRARY = "libc++";
				CLANG_ENABLE_MODULES = YES;
				CLANG_ENABLE_OBJC_ARC = YES;
				CLANG_WARN_BOOL_CONVERSION = YES;
				CLANG_WARN_CONSTANT_CONVERSION = YES;
				CLANG_WARN_DIRECT_OBJC_ISA_USAGE = YES_ERROR;
				CLANG_WARN_EMPTY_BODY = YES;
				CLANG_WARN_ENUM_CONVERSION = YES;
				CLANG_WARN_INT_CONVERSION = YES;
				CLANG_WARN_OBJC_ROOT_CLASS = YES_ERROR;
				CLANG_WARN_UNREACHABLE_CODE = YES;
				CLANG_WARN__DUPLICATE_METHOD_MATCH = YES;
				"CODE_SIGN_IDENTITY[sdk=iphoneos*]" = "iPhone Developer";
				COPY_PHASE_STRIP = NO;
				DEBUG_INFORMATION_FORMAT = dwarf;
				ENABLE_STRICT_OBJC_MSGSEND = YES;
				ENABLE_TESTABILITY = YES;
				GCC_C_LANGUAGE_STANDARD = gnu99;
				GCC_DYNAMIC_NO_PIC = NO;
				GCC_NO_COMMON_BLOCKS = YES;
				GCC_OPTIMIZATION_LEVEL = 0;
				GCC_PREPROCESSOR_DEFINITIONS = (
					"DEBUG=1",
					"$(inherited)",
				);
				GCC_WARN_64_TO_32_BIT_CONVERSION = YES;
				GCC_WARN_ABOUT_RETURN_TYPE = YES_ERROR;
				GCC_WARN_UNDECLARED_SELECTOR = YES;
				GCC_WARN_UNINITIALIZED_AUTOS = YES_AGGRESSIVE;
				GCC_WARN_UNUSED_FUNCTION = YES;
				GCC_WARN_UNUSED_VARIABLE = YES;
				IPHONEOS_DEPLOYMENT_TARGET = 9.3;
				MTL_ENABLE_DEBUG_INFO = YES;
				ONLY_ACTIVE_ARCH = YES;
				SDKROOT = iphoneos;
				SWIFT_OPTIMIZATION_LEVEL = "-Onone";
				TARGETED_DEVICE_FAMILY = "1,2";
			};
			name = Debug;
		};
		E950D9961D0270C5003DD7EE /* Release */ = {
			isa = XCBuildConfiguration;
			buildSettings = {
				ALWAYS_SEARCH_USER_PATHS = NO;
				CLANG_ANALYZER_NONNULL = YES;
				CLANG_CXX_LANGUAGE_STANDARD = "gnu++0x";
				CLANG_CXX_LIBRARY = "libc++";
				CLANG_ENABLE_MODULES = YES;
				CLANG_ENABLE_OBJC_ARC = YES;
				CLANG_WARN_BOOL_CONVERSION = YES;
				CLANG_WARN_CONSTANT_CONVERSION = YES;
				CLANG_WARN_DIRECT_OBJC_ISA_USAGE = YES_ERROR;
				CLANG_WARN_EMPTY_BODY = YES;
				CLANG_WARN_ENUM_CONVERSION = YES;
				CLANG_WARN_INT_CONVERSION = YES;
				CLANG_WARN_OBJC_ROOT_CLASS = YES_ERROR;
				CLANG_WARN_UNREACHABLE_CODE = YES;
				CLANG_WARN__DUPLICATE_METHOD_MATCH = YES;
				"CODE_SIGN_IDENTITY[sdk=iphoneos*]" = "iPhone Developer";
				COPY_PHASE_STRIP = NO;
				DEBUG_INFORMATION_FORMAT = "dwarf-with-dsym";
				ENABLE_NS_ASSERTIONS = NO;
				ENABLE_STRICT_OBJC_MSGSEND = YES;
				GCC_C_LANGUAGE_STANDARD = gnu99;
				GCC_NO_COMMON_BLOCKS = YES;
				GCC_WARN_64_TO_32_BIT_CONVERSION = YES;
				GCC_WARN_ABOUT_RETURN_TYPE = YES_ERROR;
				GCC_WARN_UNDECLARED_SELECTOR = YES;
				GCC_WARN_UNINITIALIZED_AUTOS = YES_AGGRESSIVE;
				GCC_WARN_UNUSED_FUNCTION = YES;
				GCC_WARN_UNUSED_VARIABLE = YES;
				IPHONEOS_DEPLOYMENT_TARGET = 9.3;
				MTL_ENABLE_DEBUG_INFO = NO;
				SDKROOT = iphoneos;
				TARGETED_DEVICE_FAMILY = "1,2";
				VALIDATE_PRODUCT = YES;
			};
			name = Release;
		};
		E950D9981D0270C5003DD7EE /* Debug */ = {
			isa = XCBuildConfiguration;
			baseConfigurationReference = CEC6A0C1C73915866BEB3185 /* Pods-WeMoScenes.debug.xcconfig */;
			buildSettings = {
				ASSETCATALOG_COMPILER_APPICON_NAME = AppIcon;
				CODE_SIGN_IDENTITY = "iPhone Developer";
				CURRENT_PROJECT_VERSION = 1;
				FRAMEWORK_SEARCH_PATHS = (
					"$(inherited)",
					"\"${PODS_ROOT}/FirebaseAnalytics/Frameworks\"",
					"\"${PODS_ROOT}/FirebaseAuth/Frameworks\"",
					"\"${PODS_ROOT}/FirebaseDatabase/Frameworks\"",
					"\"${PODS_ROOT}/FirebaseInstanceID/Frameworks\"",
					"\"${PODS_ROOT}/GoogleInterchangeUtilities/Frameworks\"",
					"\"${PODS_ROOT}/GoogleNetworkingUtilities/Frameworks\"",
					"\"${PODS_ROOT}/GoogleSymbolUtilities/Frameworks\"",
					"\"${PODS_ROOT}/GoogleUtilities/Frameworks\"",
				);
				INFOPLIST_FILE = WeMoScenes/Info.plist;
				LD_RUNPATH_SEARCH_PATHS = "$(inherited) @executable_path/Frameworks";
				PRODUCT_BUNDLE_IDENTIFIER = com.pusheax.WeMoScenes;
				PRODUCT_NAME = "$(TARGET_NAME)";
				VERSIONING_SYSTEM = "apple-generic";
			};
			name = Debug;
		};
		E950D9991D0270C5003DD7EE /* Release */ = {
			isa = XCBuildConfiguration;
			baseConfigurationReference = 1E9DCB892CE533852D54A370 /* Pods-WeMoScenes.release.xcconfig */;
			buildSettings = {
				ASSETCATALOG_COMPILER_APPICON_NAME = AppIcon;
				CODE_SIGN_IDENTITY = "iPhone Developer";
				CURRENT_PROJECT_VERSION = 1;
				FRAMEWORK_SEARCH_PATHS = (
					"$(inherited)",
					"\"${PODS_ROOT}/FirebaseAnalytics/Frameworks\"",
					"\"${PODS_ROOT}/FirebaseAuth/Frameworks\"",
					"\"${PODS_ROOT}/FirebaseDatabase/Frameworks\"",
					"\"${PODS_ROOT}/FirebaseInstanceID/Frameworks\"",
					"\"${PODS_ROOT}/GoogleInterchangeUtilities/Frameworks\"",
					"\"${PODS_ROOT}/GoogleNetworkingUtilities/Frameworks\"",
					"\"${PODS_ROOT}/GoogleSymbolUtilities/Frameworks\"",
					"\"${PODS_ROOT}/GoogleUtilities/Frameworks\"",
				);
				INFOPLIST_FILE = WeMoScenes/Info.plist;
				LD_RUNPATH_SEARCH_PATHS = "$(inherited) @executable_path/Frameworks";
				PRODUCT_BUNDLE_IDENTIFIER = com.pusheax.WeMoScenes;
				PRODUCT_NAME = "$(TARGET_NAME)";
				VERSIONING_SYSTEM = "apple-generic";
			};
			name = Release;
		};
		E950D99B1D0270C5003DD7EE /* Debug */ = {
			isa = XCBuildConfiguration;
			buildSettings = {
				BUNDLE_LOADER = "$(TEST_HOST)";
				INFOPLIST_FILE = WeMoScenesTests/Info.plist;
				LD_RUNPATH_SEARCH_PATHS = "$(inherited) @executable_path/Frameworks @loader_path/Frameworks";
				PRODUCT_BUNDLE_IDENTIFIER = com.pusheax.WeMoScenesTests;
				PRODUCT_NAME = "$(TARGET_NAME)";
				TEST_HOST = "$(BUILT_PRODUCTS_DIR)/WeMoScenes.app/WeMoScenes";
			};
			name = Debug;
		};
		E950D99C1D0270C5003DD7EE /* Release */ = {
			isa = XCBuildConfiguration;
			buildSettings = {
				BUNDLE_LOADER = "$(TEST_HOST)";
				INFOPLIST_FILE = WeMoScenesTests/Info.plist;
				LD_RUNPATH_SEARCH_PATHS = "$(inherited) @executable_path/Frameworks @loader_path/Frameworks";
				PRODUCT_BUNDLE_IDENTIFIER = com.pusheax.WeMoScenesTests;
				PRODUCT_NAME = "$(TARGET_NAME)";
				TEST_HOST = "$(BUILT_PRODUCTS_DIR)/WeMoScenes.app/WeMoScenes";
			};
			name = Release;
		};
		E950D99E1D0270C5003DD7EE /* Debug */ = {
			isa = XCBuildConfiguration;
			buildSettings = {
				INFOPLIST_FILE = WeMoScenesUITests/Info.plist;
				LD_RUNPATH_SEARCH_PATHS = "$(inherited) @executable_path/Frameworks @loader_path/Frameworks";
				PRODUCT_BUNDLE_IDENTIFIER = com.pusheax.WeMoScenesUITests;
				PRODUCT_NAME = "$(TARGET_NAME)";
				TEST_TARGET_NAME = WeMoScenes;
			};
			name = Debug;
		};
		E950D99F1D0270C5003DD7EE /* Release */ = {
			isa = XCBuildConfiguration;
			buildSettings = {
				INFOPLIST_FILE = WeMoScenesUITests/Info.plist;
				LD_RUNPATH_SEARCH_PATHS = "$(inherited) @executable_path/Frameworks @loader_path/Frameworks";
				PRODUCT_BUNDLE_IDENTIFIER = com.pusheax.WeMoScenesUITests;
				PRODUCT_NAME = "$(TARGET_NAME)";
				TEST_TARGET_NAME = WeMoScenes;
			};
			name = Release;
		};
/* End XCBuildConfiguration section */

/* Begin XCConfigurationList section */
		E950D9671D0270C5003DD7EE /* Build configuration list for PBXProject "WeMoScenes" */ = {
			isa = XCConfigurationList;
			buildConfigurations = (
				E950D9951D0270C5003DD7EE /* Debug */,
				E950D9961D0270C5003DD7EE /* Release */,
			);
			defaultConfigurationIsVisible = 0;
			defaultConfigurationName = Release;
		};
		E950D9971D0270C5003DD7EE /* Build configuration list for PBXNativeTarget "WeMoScenes" */ = {
			isa = XCConfigurationList;
			buildConfigurations = (
				E950D9981D0270C5003DD7EE /* Debug */,
				E950D9991D0270C5003DD7EE /* Release */,
			);
			defaultConfigurationIsVisible = 0;
			defaultConfigurationName = Release;
		};
		E950D99A1D0270C5003DD7EE /* Build configuration list for PBXNativeTarget "WeMoScenesTests" */ = {
			isa = XCConfigurationList;
			buildConfigurations = (
				E950D99B1D0270C5003DD7EE /* Debug */,
				E950D99C1D0270C5003DD7EE /* Release */,
			);
			defaultConfigurationIsVisible = 0;
			defaultConfigurationName = Release;
		};
		E950D99D1D0270C5003DD7EE /* Build configuration list for PBXNativeTarget "WeMoScenesUITests" */ = {
			isa = XCConfigurationList;
			buildConfigurations = (
				E950D99E1D0270C5003DD7EE /* Debug */,
				E950D99F1D0270C5003DD7EE /* Release */,
			);
			defaultConfigurationIsVisible = 0;
			defaultConfigurationName = Release;
		};
/* End XCConfigurationList section */
	};
	rootObject = E950D9641D0270C5003DD7EE /* Project object */;
}
